// !$*UTF8*$!
{
	archiveVersion = 1;
	classes = {
	};
	objectVersion = 55;
	objects = {

/* Begin PBXBuildFile section */
		75E16DCF27E7997C00CDF719 /* CustomSwiftTabBarApp.swift in Sources */ = {isa = PBXBuildFile; fileRef = 75E16DCE27E7997C00CDF719 /* CustomSwiftTabBarApp.swift */; };
		75E16DD127E7997C00CDF719 /* ContentView.swift in Sources */ = {isa = PBXBuildFile; fileRef = 75E16DD027E7997C00CDF719 /* ContentView.swift */; };
		75E16DD327E7997D00CDF719 /* Assets.xcassets in Resources */ = {isa = PBXBuildFile; fileRef = 75E16DD227E7997D00CDF719 /* Assets.xcassets */; };
		75E16DD627E7997D00CDF719 /* Preview Assets.xcassets in Resources */ = {isa = PBXBuildFile; fileRef = 75E16DD527E7997D00CDF719 /* Preview Assets.xcassets */; };
		75E16DE027E7997D00CDF719 /* CustomSwiftTabBarTests.swift in Sources */ = {isa = PBXBuildFile; fileRef = 75E16DDF27E7997D00CDF719 /* CustomSwiftTabBarTests.swift */; };
		75E16DEA27E7997D00CDF719 /* CustomSwiftTabBarUITests.swift in Sources */ = {isa = PBXBuildFile; fileRef = 75E16DE927E7997D00CDF719 /* CustomSwiftTabBarUITests.swift */; };
		75E16DEC27E7997D00CDF719 /* CustomSwiftTabBarUITestsLaunchTests.swift in Sources */ = {isa = PBXBuildFile; fileRef = 75E16DEB27E7997D00CDF719 /* CustomSwiftTabBarUITestsLaunchTests.swift */; };
/* End PBXBuildFile section */

/* Begin PBXContainerItemProxy section */
		75E16DDC27E7997D00CDF719 /* PBXContainerItemProxy */ = {
			isa = PBXContainerItemProxy;
			containerPortal = 75E16DC327E7997C00CDF719 /* Project object */;
			proxyType = 1;
			remoteGlobalIDString = 75E16DCA27E7997C00CDF719;
			remoteInfo = CustomSwiftTabBar;
		};
		75E16DE627E7997D00CDF719 /* PBXContainerItemProxy */ = {
			isa = PBXContainerItemProxy;
			containerPortal = 75E16DC327E7997C00CDF719 /* Project object */;
			proxyType = 1;
			remoteGlobalIDString = 75E16DCA27E7997C00CDF719;
			remoteInfo = CustomSwiftTabBar;
		};
/* End PBXContainerItemProxy section */

/* Begin PBXFileReference section */
		75E16DCB27E7997C00CDF719 /* CustomSwiftTabBar.app */ = {isa = PBXFileReference; explicitFileType = wrapper.application; includeInIndex = 0; path = CustomSwiftTabBar.app; sourceTree = BUILT_PRODUCTS_DIR; };
		75E16DCE27E7997C00CDF719 /* CustomSwiftTabBarApp.swift */ = {isa = PBXFileReference; lastKnownFileType = sourcecode.swift; path = CustomSwiftTabBarApp.swift; sourceTree = "<group>"; };
		75E16DD027E7997C00CDF719 /* ContentView.swift */ = {isa = PBXFileReference; lastKnownFileType = sourcecode.swift; path = ContentView.swift; sourceTree = "<group>"; };
		75E16DD227E7997D00CDF719 /* Assets.xcassets */ = {isa = PBXFileReference; lastKnownFileType = folder.assetcatalog; path = Assets.xcassets; sourceTree = "<group>"; };
		75E16DD527E7997D00CDF719 /* Preview Assets.xcassets */ = {isa = PBXFileReference; lastKnownFileType = folder.assetcatalog; path = "Preview Assets.xcassets"; sourceTree = "<group>"; };
		75E16DDB27E7997D00CDF719 /* CustomSwiftTabBarTests.xctest */ = {isa = PBXFileReference; explicitFileType = wrapper.cfbundle; includeInIndex = 0; path = CustomSwiftTabBarTests.xctest; sourceTree = BUILT_PRODUCTS_DIR; };
		75E16DDF27E7997D00CDF719 /* CustomSwiftTabBarTests.swift */ = {isa = PBXFileReference; lastKnownFileType = sourcecode.swift; path = CustomSwiftTabBarTests.swift; sourceTree = "<group>"; };
		75E16DE527E7997D00CDF719 /* CustomSwiftTabBarUITests.xctest */ = {isa = PBXFileReference; explicitFileType = wrapper.cfbundle; includeInIndex = 0; path = CustomSwiftTabBarUITests.xctest; sourceTree = BUILT_PRODUCTS_DIR; };
		75E16DE927E7997D00CDF719 /* CustomSwiftTabBarUITests.swift */ = {isa = PBXFileReference; lastKnownFileType = sourcecode.swift; path = CustomSwiftTabBarUITests.swift; sourceTree = "<group>"; };
		75E16DEB27E7997D00CDF719 /* CustomSwiftTabBarUITestsLaunchTests.swift */ = {isa = PBXFileReference; lastKnownFileType = sourcecode.swift; path = CustomSwiftTabBarUITestsLaunchTests.swift; sourceTree = "<group>"; };
/* End PBXFileReference section */

/* Begin PBXFrameworksBuildPhase section */
		75E16DC827E7997C00CDF719 /* Frameworks */ = {
			isa = PBXFrameworksBuildPhase;
			buildActionMask = 2147483647;
			files = (
			);
			runOnlyForDeploymentPostprocessing = 0;
		};
		75E16DD827E7997D00CDF719 /* Frameworks */ = {
			isa = PBXFrameworksBuildPhase;
			buildActionMask = 2147483647;
			files = (
			);
			runOnlyForDeploymentPostprocessing = 0;
		};
		75E16DE227E7997D00CDF719 /* Frameworks */ = {
			isa = PBXFrameworksBuildPhase;
			buildActionMask = 2147483647;
			files = (
			);
			runOnlyForDeploymentPostprocessing = 0;
		};
/* End PBXFrameworksBuildPhase section */

/* Begin PBXGroup section */
		75E16DC227E7997C00CDF719 = {
			isa = PBXGroup;
			children = (
				75E16DCD27E7997C00CDF719 /* CustomSwiftTabBar */,
				75E16DDE27E7997D00CDF719 /* CustomSwiftTabBarTests */,
				75E16DE827E7997D00CDF719 /* CustomSwiftTabBarUITests */,
				75E16DCC27E7997C00CDF719 /* Products */,
			);
			sourceTree = "<group>";
		};
		75E16DCC27E7997C00CDF719 /* Products */ = {
			isa = PBXGroup;
			children = (
				75E16DCB27E7997C00CDF719 /* CustomSwiftTabBar.app */,
				75E16DDB27E7997D00CDF719 /* CustomSwiftTabBarTests.xctest */,
				75E16DE527E7997D00CDF719 /* CustomSwiftTabBarUITests.xctest */,
			);
			name = Products;
			sourceTree = "<group>";
		};
		75E16DCD27E7997C00CDF719 /* CustomSwiftTabBar */ = {
			isa = PBXGroup;
			children = (
				75E16DCE27E7997C00CDF719 /* CustomSwiftTabBarApp.swift */,
				75E16DD027E7997C00CDF719 /* ContentView.swift */,
				75E16DD227E7997D00CDF719 /* Assets.xcassets */,
				75E16DD427E7997D00CDF719 /* Preview Content */,
			);
			path = CustomSwiftTabBar;
			sourceTree = "<group>";
		};
		75E16DD427E7997D00CDF719 /* Preview Content */ = {
			isa = PBXGroup;
			children = (
				75E16DD527E7997D00CDF719 /* Preview Assets.xcassets */,
			);
			path = "Preview Content";
			sourceTree = "<group>";
		};
		75E16DDE27E7997D00CDF719 /* CustomSwiftTabBarTests */ = {
			isa = PBXGroup;
			children = (
				75E16DDF27E7997D00CDF719 /* CustomSwiftTabBarTests.swift */,
			);
			path = CustomSwiftTabBarTests;
			sourceTree = "<group>";
		};
		75E16DE827E7997D00CDF719 /* CustomSwiftTabBarUITests */ = {
			isa = PBXGroup;
			children = (
				75E16DE927E7997D00CDF719 /* CustomSwiftTabBarUITests.swift */,
				75E16DEB27E7997D00CDF719 /* CustomSwiftTabBarUITestsLaunchTests.swift */,
			);
			path = CustomSwiftTabBarUITests;
			sourceTree = "<group>";
		};
/* End PBXGroup section */

/* Begin PBXNativeTarget section */
		75E16DCA27E7997C00CDF719 /* CustomSwiftTabBar */ = {
			isa = PBXNativeTarget;
			buildConfigurationList = 75E16DEF27E7997D00CDF719 /* Build configuration list for PBXNativeTarget "CustomSwiftTabBar" */;
			buildPhases = (
				75E16DC727E7997C00CDF719 /* Sources */,
				75E16DC827E7997C00CDF719 /* Frameworks */,
				75E16DC927E7997C00CDF719 /* Resources */,
			);
			buildRules = (
			);
			dependencies = (
			);
			name = CustomSwiftTabBar;
			productName = CustomSwiftTabBar;
			productReference = 75E16DCB27E7997C00CDF719 /* CustomSwiftTabBar.app */;
			productType = "com.apple.product-type.application";
		};
		75E16DDA27E7997D00CDF719 /* CustomSwiftTabBarTests */ = {
			isa = PBXNativeTarget;
			buildConfigurationList = 75E16DF227E7997D00CDF719 /* Build configuration list for PBXNativeTarget "CustomSwiftTabBarTests" */;
			buildPhases = (
				75E16DD727E7997D00CDF719 /* Sources */,
				75E16DD827E7997D00CDF719 /* Frameworks */,
				75E16DD927E7997D00CDF719 /* Resources */,
			);
			buildRules = (
			);
			dependencies = (
				75E16DDD27E7997D00CDF719 /* PBXTargetDependency */,
			);
			name = CustomSwiftTabBarTests;
			productName = CustomSwiftTabBarTests;
			productReference = 75E16DDB27E7997D00CDF719 /* CustomSwiftTabBarTests.xctest */;
			productType = "com.apple.product-type.bundle.unit-test";
		};
		75E16DE427E7997D00CDF719 /* CustomSwiftTabBarUITests */ = {
			isa = PBXNativeTarget;
			buildConfigurationList = 75E16DF527E7997D00CDF719 /* Build configuration list for PBXNativeTarget "CustomSwiftTabBarUITests" */;
			buildPhases = (
				75E16DE127E7997D00CDF719 /* Sources */,
				75E16DE227E7997D00CDF719 /* Frameworks */,
				75E16DE327E7997D00CDF719 /* Resources */,
			);
			buildRules = (
			);
			dependencies = (
				75E16DE727E7997D00CDF719 /* PBXTargetDependency */,
			);
			name = CustomSwiftTabBarUITests;
			productName = CustomSwiftTabBarUITests;
			productReference = 75E16DE527E7997D00CDF719 /* CustomSwiftTabBarUITests.xctest */;
			productType = "com.apple.product-type.bundle.ui-testing";
		};
/* End PBXNativeTarget section */

/* Begin PBXProject section */
		75E16DC327E7997C00CDF719 /* Project object */ = {
			isa = PBXProject;
			attributes = {
				BuildIndependentTargetsInParallel = 1;
				LastSwiftUpdateCheck = 1320;
				LastUpgradeCheck = 1320;
				TargetAttributes = {
					75E16DCA27E7997C00CDF719 = {
						CreatedOnToolsVersion = 13.2.1;
					};
					75E16DDA27E7997D00CDF719 = {
						CreatedOnToolsVersion = 13.2.1;
						TestTargetID = 75E16DCA27E7997C00CDF719;
					};
					75E16DE427E7997D00CDF719 = {
						CreatedOnToolsVersion = 13.2.1;
						TestTargetID = 75E16DCA27E7997C00CDF719;
					};
				};
			};
			buildConfigurationList = 75E16DC627E7997C00CDF719 /* Build configuration list for PBXProject "CustomSwiftTabBar" */;
			compatibilityVersion = "Xcode 13.0";
			developmentRegion = en;
			hasScannedForEncodings = 0;
			knownRegions = (
				en,
				Base,
			);
			mainGroup = 75E16DC227E7997C00CDF719;
			productRefGroup = 75E16DCC27E7997C00CDF719 /* Products */;
			projectDirPath = "";
			projectRoot = "";
			targets = (
				75E16DCA27E7997C00CDF719 /* CustomSwiftTabBar */,
				75E16DDA27E7997D00CDF719 /* CustomSwiftTabBarTests */,
				75E16DE427E7997D00CDF719 /* CustomSwiftTabBarUITests */,
			);
		};
/* End PBXProject section */

/* Begin PBXResourcesBuildPhase section */
		75E16DC927E7997C00CDF719 /* Resources */ = {
			isa = PBXResourcesBuildPhase;
			buildActionMask = 2147483647;
			files = (
				75E16DD627E7997D00CDF719 /* Preview Assets.xcassets in Resources */,
				75E16DD327E7997D00CDF719 /* Assets.xcassets in Resources */,
			);
			runOnlyForDeploymentPostprocessing = 0;
		};
		75E16DD927E7997D00CDF719 /* Resources */ = {
			isa = PBXResourcesBuildPhase;
			buildActionMask = 2147483647;
			files = (
			);
			runOnlyForDeploymentPostprocessing = 0;
		};
		75E16DE327E7997D00CDF719 /* Resources */ = {
			isa = PBXResourcesBuildPhase;
			buildActionMask = 2147483647;
			files = (
			);
			runOnlyForDeploymentPostprocessing = 0;
		};
/* End PBXResourcesBuildPhase section */

/* Begin PBXSourcesBuildPhase section */
		75E16DC727E7997C00CDF719 /* Sources */ = {
			isa = PBXSourcesBuildPhase;
			buildActionMask = 2147483647;
			files = (
				75E16DD127E7997C00CDF719 /* ContentView.swift in Sources */,
				75E16DCF27E7997C00CDF719 /* CustomSwiftTabBarApp.swift in Sources */,
			);
			runOnlyForDeploymentPostprocessing = 0;
		};
		75E16DD727E7997D00CDF719 /* Sources */ = {
			isa = PBXSourcesBuildPhase;
			buildActionMask = 2147483647;
			files = (
				75E16DE027E7997D00CDF719 /* CustomSwiftTabBarTests.swift in Sources */,
			);
			runOnlyForDeploymentPostprocessing = 0;
		};
		75E16DE127E7997D00CDF719 /* Sources */ = {
			isa = PBXSourcesBuildPhase;
			buildActionMask = 2147483647;
			files = (
				75E16DEA27E7997D00CDF719 /* CustomSwiftTabBarUITests.swift in Sources */,
				75E16DEC27E7997D00CDF719 /* CustomSwiftTabBarUITestsLaunchTests.swift in Sources */,
			);
			runOnlyForDeploymentPostprocessing = 0;
		};
/* End PBXSourcesBuildPhase section */

/* Begin PBXTargetDependency section */
		75E16DDD27E7997D00CDF719 /* PBXTargetDependency */ = {
			isa = PBXTargetDependency;
			target = 75E16DCA27E7997C00CDF719 /* CustomSwiftTabBar */;
			targetProxy = 75E16DDC27E7997D00CDF719 /* PBXContainerItemProxy */;
		};
		75E16DE727E7997D00CDF719 /* PBXTargetDependency */ = {
			isa = PBXTargetDependency;
			target = 75E16DCA27E7997C00CDF719 /* CustomSwiftTabBar */;
			targetProxy = 75E16DE627E7997D00CDF719 /* PBXContainerItemProxy */;
		};
/* End PBXTargetDependency section */

/* Begin XCBuildConfiguration section */
		75E16DED27E7997D00CDF719 /* Debug */ = {
			isa = XCBuildConfiguration;
			buildSettings = {
				ALWAYS_SEARCH_USER_PATHS = NO;
				CLANG_ANALYZER_NONNULL = YES;
				CLANG_ANALYZER_NUMBER_OBJECT_CONVERSION = YES_AGGRESSIVE;
				CLANG_CXX_LANGUAGE_STANDARD = "gnu++17";
				CLANG_CXX_LIBRARY = "libc++";
				CLANG_ENABLE_MODULES = YES;
				CLANG_ENABLE_OBJC_ARC = YES;
				CLANG_ENABLE_OBJC_WEAK = YES;
				CLANG_WARN_BLOCK_CAPTURE_AUTORELEASING = YES;
				CLANG_WARN_BOOL_CONVERSION = YES;
				CLANG_WARN_COMMA = YES;
				CLANG_WARN_CONSTANT_CONVERSION = YES;
				CLANG_WARN_DEPRECATED_OBJC_IMPLEMENTATIONS = YES;
				CLANG_WARN_DIRECT_OBJC_ISA_USAGE = YES_ERROR;
				CLANG_WARN_DOCUMENTATION_COMMENTS = YES;
				CLANG_WARN_EMPTY_BODY = YES;
				CLANG_WARN_ENUM_CONVERSION = YES;
				CLANG_WARN_INFINITE_RECURSION = YES;
				CLANG_WARN_INT_CONVERSION = YES;
				CLANG_WARN_NON_LITERAL_NULL_CONVERSION = YES;
				CLANG_WARN_OBJC_IMPLICIT_RETAIN_SELF = YES;
				CLANG_WARN_OBJC_LITERAL_CONVERSION = YES;
				CLANG_WARN_OBJC_ROOT_CLASS = YES_ERROR;
				CLANG_WARN_QUOTED_INCLUDE_IN_FRAMEWORK_HEADER = YES;
				CLANG_WARN_RANGE_LOOP_ANALYSIS = YES;
				CLANG_WARN_STRICT_PROTOTYPES = YES;
				CLANG_WARN_SUSPICIOUS_MOVE = YES;
				CLANG_WARN_UNGUARDED_AVAILABILITY = YES_AGGRESSIVE;
				CLANG_WARN_UNREACHABLE_CODE = YES;
				CLANG_WARN__DUPLICATE_METHOD_MATCH = YES;
				COPY_PHASE_STRIP = NO;
				DEBUG_INFORMATION_FORMAT = dwarf;
				ENABLE_STRICT_OBJC_MSGSEND = YES;
				ENABLE_TESTABILITY = YES;
				GCC_C_LANGUAGE_STANDARD = gnu11;
				GCC_DYNAMIC_NO_PIC = NO;
				GCC_NO_COMMON_BLOCKS = YES;
				GCC_OPTIMIZATION_LEVEL = 0;
				GCC_PREPROCESSOR_DEFINITIONS = (
					"DEBUG=1",
					"$(inherited)",
				);
				GCC_WARN_64_TO_32_BIT_CONVERSION = YES;
				GCC_WARN_ABOUT_RETURN_TYPE = YES_ERROR;
				GCC_WARN_UNDECLARED_SELECTOR = YES;
				GCC_WARN_UNINITIALIZED_AUTOS = YES_AGGRESSIVE;
				GCC_WARN_UNUSED_FUNCTION = YES;
				GCC_WARN_UNUSED_VARIABLE = YES;
				IPHONEOS_DEPLOYMENT_TARGET = 15.2;
				MTL_ENABLE_DEBUG_INFO = INCLUDE_SOURCE;
				MTL_FAST_MATH = YES;
				ONLY_ACTIVE_ARCH = YES;
				SDKROOT = iphoneos;
				SWIFT_ACTIVE_COMPILATION_CONDITIONS = DEBUG;
				SWIFT_OPTIMIZATION_LEVEL = "-Onone";
			};
			name = Debug;
		};
		75E16DEE27E7997D00CDF719 /* Release */ = {
			isa = XCBuildConfiguration;
			buildSettings = {
				ALWAYS_SEARCH_USER_PATHS = NO;
				CLANG_ANALYZER_NONNULL = YES;
				CLANG_ANALYZER_NUMBER_OBJECT_CONVERSION = YES_AGGRESSIVE;
				CLANG_CXX_LANGUAGE_STANDARD = "gnu++17";
				CLANG_CXX_LIBRARY = "libc++";
				CLANG_ENABLE_MODULES = YES;
				CLANG_ENABLE_OBJC_ARC = YES;
				CLANG_ENABLE_OBJC_WEAK = YES;
				CLANG_WARN_BLOCK_CAPTURE_AUTORELEASING = YES;
				CLANG_WARN_BOOL_CONVERSION = YES;
				CLANG_WARN_COMMA = YES;
				CLANG_WARN_CONSTANT_CONVERSION = YES;
				CLANG_WARN_DEPRECATED_OBJC_IMPLEMENTATIONS = YES;
				CLANG_WARN_DIRECT_OBJC_ISA_USAGE = YES_ERROR;
				CLANG_WARN_DOCUMENTATION_COMMENTS = YES;
				CLANG_WARN_EMPTY_BODY = YES;
				CLANG_WARN_ENUM_CONVERSION = YES;
				CLANG_WARN_INFINITE_RECURSION = YES;
				CLANG_WARN_INT_CONVERSION = YES;
				CLANG_WARN_NON_LITERAL_NULL_CONVERSION = YES;
				CLANG_WARN_OBJC_IMPLICIT_RETAIN_SELF = YES;
				CLANG_WARN_OBJC_LITERAL_CONVERSION = YES;
				CLANG_WARN_OBJC_ROOT_CLASS = YES_ERROR;
				CLANG_WARN_QUOTED_INCLUDE_IN_FRAMEWORK_HEADER = YES;
				CLANG_WARN_RANGE_LOOP_ANALYSIS = YES;
				CLANG_WARN_STRICT_PROTOTYPES = YES;
				CLANG_WARN_SUSPICIOUS_MOVE = YES;
				CLANG_WARN_UNGUARDED_AVAILABILITY = YES_AGGRESSIVE;
				CLANG_WARN_UNREACHABLE_CODE = YES;
				CLANG_WARN__DUPLICATE_METHOD_MATCH = YES;
				COPY_PHASE_STRIP = NO;
				DEBUG_INFORMATION_FORMAT = "dwarf-with-dsym";
				ENABLE_NS_ASSERTIONS = NO;
				ENABLE_STRICT_OBJC_MSGSEND = YES;
				GCC_C_LANGUAGE_STANDARD = gnu11;
				GCC_NO_COMMON_BLOCKS = YES;
				GCC_WARN_64_TO_32_BIT_CONVERSION = YES;
				GCC_WARN_ABOUT_RETURN_TYPE = YES_ERROR;
				GCC_WARN_UNDECLARED_SELECTOR = YES;
				GCC_WARN_UNINITIALIZED_AUTOS = YES_AGGRESSIVE;
				GCC_WARN_UNUSED_FUNCTION = YES;
				GCC_WARN_UNUSED_VARIABLE = YES;
				IPHONEOS_DEPLOYMENT_TARGET = 15.2;
				MTL_ENABLE_DEBUG_INFO = NO;
				MTL_FAST_MATH = YES;
				SDKROOT = iphoneos;
				SWIFT_COMPILATION_MODE = wholemodule;
				SWIFT_OPTIMIZATION_LEVEL = "-O";
				VALIDATE_PRODUCT = YES;
			};
			name = Release;
		};
		75E16DF027E7997D00CDF719 /* Debug */ = {
			isa = XCBuildConfiguration;
			buildSettings = {
				ASSETCATALOG_COMPILER_APPICON_NAME = AppIcon;
				ASSETCATALOG_COMPILER_GLOBAL_ACCENT_COLOR_NAME = AccentColor;
				CODE_SIGN_STYLE = Automatic;
				CURRENT_PROJECT_VERSION = 1;
				DEVELOPMENT_ASSET_PATHS = "\"CustomSwiftTabBar/Preview Content\"";
				ENABLE_PREVIEWS = YES;
				GENERATE_INFOPLIST_FILE = YES;
				INFOPLIST_KEY_UIApplicationSceneManifest_Generation = YES;
				INFOPLIST_KEY_UIApplicationSupportsIndirectInputEvents = YES;
				INFOPLIST_KEY_UILaunchScreen_Generation = YES;
				INFOPLIST_KEY_UISupportedInterfaceOrientations_iPad = "UIInterfaceOrientationPortrait UIInterfaceOrientationPortraitUpsideDown UIInterfaceOrientationLandscapeLeft UIInterfaceOrientationLandscapeRight";
				INFOPLIST_KEY_UISupportedInterfaceOrientations_iPhone = "UIInterfaceOrientationPortrait UIInterfaceOrientationLandscapeLeft UIInterfaceOrientationLandscapeRight";
				LD_RUNPATH_SEARCH_PATHS = (
					"$(inherited)",
					"@executable_path/Frameworks",
				);
				MARKETING_VERSION = 1.0;
				PRODUCT_BUNDLE_IDENTIFIER = test.CustomSwiftTabBar;
				PRODUCT_NAME = "$(TARGET_NAME)";
				SWIFT_EMIT_LOC_STRINGS = YES;
				SWIFT_VERSION = 5.0;
				TARGETED_DEVICE_FAMILY = "1,2";
			};
			name = Debug;
		};
		75E16DF127E7997D00CDF719 /* Release */ = {
			isa = XCBuildConfiguration;
			buildSettings = {
				ASSETCATALOG_COMPILER_APPICON_NAME = AppIcon;
				ASSETCATALOG_COMPILER_GLOBAL_ACCENT_COLOR_NAME = AccentColor;
				CODE_SIGN_STYLE = Automatic;
				CURRENT_PROJECT_VERSION = 1;
				DEVELOPMENT_ASSET_PATHS = "\"CustomSwiftTabBar/Preview Content\"";
				ENABLE_PREVIEWS = YES;
				GENERATE_INFOPLIST_FILE = YES;
				INFOPLIST_KEY_UIApplicationSceneManifest_Generation = YES;
				INFOPLIST_KEY_UIApplicationSupportsIndirectInputEvents = YES;
				INFOPLIST_KEY_UILaunchScreen_Generation = YES;
				INFOPLIST_KEY_UISupportedInterfaceOrientations_iPad = "UIInterfaceOrientationPortrait UIInterfaceOrientationPortraitUpsideDown UIInterfaceOrientationLandscapeLeft UIInterfaceOrientationLandscapeRight";
				INFOPLIST_KEY_UISupportedInterfaceOrientations_iPhone = "UIInterfaceOrientationPortrait UIInterfaceOrientationLandscapeLeft UIInterfaceOrientationLandscapeRight";
				LD_RUNPATH_SEARCH_PATHS = (
					"$(inherited)",
					"@executable_path/Frameworks",
				);
				MARKETING_VERSION = 1.0;
				PRODUCT_BUNDLE_IDENTIFIER = test.CustomSwiftTabBar;
				PRODUCT_NAME = "$(TARGET_NAME)";
				SWIFT_EMIT_LOC_STRINGS = YES;
				SWIFT_VERSION = 5.0;
				TARGETED_DEVICE_FAMILY = "1,2";
			};
			name = Release;
		};
		75E16DF327E7997D00CDF719 /* Debug */ = {
			isa = XCBuildConfiguration;
			buildSettings = {
				ALWAYS_EMBED_SWIFT_STANDARD_LIBRARIES = YES;
				BUNDLE_LOADER = "$(TEST_HOST)";
				CODE_SIGN_STYLE = Automatic;
				CURRENT_PROJECT_VERSION = 1;
				GENERATE_INFOPLIST_FILE = YES;
				IPHONEOS_DEPLOYMENT_TARGET = 15.2;
				MARKETING_VERSION = 1.0;
				PRODUCT_BUNDLE_IDENTIFIER = test.CustomSwiftTabBarTests;
				PRODUCT_NAME = "$(TARGET_NAME)";
				SWIFT_EMIT_LOC_STRINGS = NO;
				SWIFT_VERSION = 5.0;
				TARGETED_DEVICE_FAMILY = "1,2";
				TEST_HOST = "$(BUILT_PRODUCTS_DIR)/CustomSwiftTabBar.app/CustomSwiftTabBar";
			};
			name = Debug;
		};
		75E16DF427E7997D00CDF719 /* Release */ = {
			isa = XCBuildConfiguration;
			buildSettings = {
				ALWAYS_EMBED_SWIFT_STANDARD_LIBRARIES = YES;
				BUNDLE_LOADER = "$(TEST_HOST)";
				CODE_SIGN_STYLE = Automatic;
				CURRENT_PROJECT_VERSION = 1;
				GENERATE_INFOPLIST_FILE = YES;
				IPHONEOS_DEPLOYMENT_TARGET = 15.2;
				MARKETING_VERSION = 1.0;
				PRODUCT_BUNDLE_IDENTIFIER = test.CustomSwiftTabBarTests;
				PRODUCT_NAME = "$(TARGET_NAME)";
				SWIFT_EMIT_LOC_STRINGS = NO;
				SWIFT_VERSION = 5.0;
				TARGETED_DEVICE_FAMILY = "1,2";
				TEST_HOST = "$(BUILT_PRODUCTS_DIR)/CustomSwiftTabBar.app/CustomSwiftTabBar";
			};
			name = Release;
		};
		75E16DF627E7997D00CDF719 /* Debug */ = {
			isa = XCBuildConfiguration;
			buildSettings = {
				ALWAYS_EMBED_SWIFT_STANDARD_LIBRARIES = YES;
				CODE_SIGN_STYLE = Automatic;
				CURRENT_PROJECT_VERSION = 1;
				GENERATE_INFOPLIST_FILE = YES;
				MARKETING_VERSION = 1.0;
				PRODUCT_BUNDLE_IDENTIFIER = test.CustomSwiftTabBarUITests;
				PRODUCT_NAME = "$(TARGET_NAME)";
				SWIFT_EMIT_LOC_STRINGS = NO;
				SWIFT_VERSION = 5.0;
				TARGETED_DEVICE_FAMILY = "1,2";
				TEST_TARGET_NAME = CustomSwiftTabBar;
			};
			name = Debug;
		};
		75E16DF727E7997D00CDF719 /* Release */ = {
			isa = XCBuildConfiguration;
			buildSettings = {
				ALWAYS_EMBED_SWIFT_STANDARD_LIBRARIES = YES;
				CODE_SIGN_STYLE = Automatic;
				CURRENT_PROJECT_VERSION = 1;
				GENERATE_INFOPLIST_FILE = YES;
				MARKETING_VERSION = 1.0;
				PRODUCT_BUNDLE_IDENTIFIER = test.CustomSwiftTabBarUITests;
				PRODUCT_NAME = "$(TARGET_NAME)";
				SWIFT_EMIT_LOC_STRINGS = NO;
				SWIFT_VERSION = 5.0;
				TARGETED_DEVICE_FAMILY = "1,2";
				TEST_TARGET_NAME = CustomSwiftTabBar;
			};
			name = Release;
		};
/* End XCBuildConfiguration section */

/* Begin XCConfigurationList section */
		75E16DC627E7997C00CDF719 /* Build configuration list for PBXProject "CustomSwiftTabBar" */ = {
			isa = XCConfigurationList;
			buildConfigurations = (
				75E16DED27E7997D00CDF719 /* Debug */,
				75E16DEE27E7997D00CDF719 /* Release */,
			);
			defaultConfigurationIsVisible = 0;
			defaultConfigurationName = Release;
		};
		75E16DEF27E7997D00CDF719 /* Build configuration list for PBXNativeTarget "CustomSwiftTabBar" */ = {
			isa = XCConfigurationList;
			buildConfigurations = (
				75E16DF027E7997D00CDF719 /* Debug */,
				75E16DF127E7997D00CDF719 /* Release */,
			);
			defaultConfigurationIsVisible = 0;
			defaultConfigurationName = Release;
		};
		75E16DF227E7997D00CDF719 /* Build configuration list for PBXNativeTarget "CustomSwiftTabBarTests" */ = {
			isa = XCConfigurationList;
			buildConfigurations = (
				75E16DF327E7997D00CDF719 /* Debug */,
				75E16DF427E7997D00CDF719 /* Release */,
			);
			defaultConfigurationIsVisible = 0;
			defaultConfigurationName = Release;
		};
		75E16DF527E7997D00CDF719 /* Build configuration list for PBXNativeTarget "CustomSwiftTabBarUITests" */ = {
			isa = XCConfigurationList;
			buildConfigurations = (
				75E16DF627E7997D00CDF719 /* Debug */,
				75E16DF727E7997D00CDF719 /* Release */,
			);
			defaultConfigurationIsVisible = 0;
			defaultConfigurationName = Release;
		};
/* End XCConfigurationList section */
	};
	rootObject = 75E16DC327E7997C00CDF719 /* Project object */;
}
